
Microsoft Visual Studio Solution File, Format Version 12.00
# Visual Studio 15
VisualStudioVersion = 15.0.27703.2035
MinimumVisualStudioVersion = 10.0.40219.1
Project("{9A19103F-16F7-4668-BE54-9A1E7A4F7556}") = "NetMQ", "NetMQ\NetMQ.csproj", "{7BC2B082-F646-479A-A5D0-65E0D008ADC6}"
EndProject
Project("{9A19103F-16F7-4668-BE54-9A1E7A4F7556}") = "NetMQ.Tests", "NetMQ.Tests\NetMQ.Tests.csproj", "{629905AB-1A9C-4782-8DE8-6CDE14BA5BC9}"
EndProject
Project("{2150E333-8FDC-42A3-9474-1A3956D46DE8}") = "Performance", "Performance", "{A9AB58C9-B9B1-4803-B01A-54370EFE3B08}"
EndProject
Project("{9A19103F-16F7-4668-BE54-9A1E7A4F7556}") = "local_lat", "Performance\local_lat\local_lat.csproj", "{AE7D7842-0A51-4CA4-B5FB-2E08EAF0D3C5}"
EndProject
Project("{9A19103F-16F7-4668-BE54-9A1E7A4F7556}") = "local_thr", "Performance\local_thr\local_thr.csproj", "{51E2076B-8043-4B11-AE20-3452EB9E73B1}"
EndProject
Project("{9A19103F-16F7-4668-BE54-9A1E7A4F7556}") = "NetMQ.SimpleTests", "Performance\NetMQ.SimpleTests\NetMQ.SimpleTests.csproj", "{4E08DDC2-E901-4FFC-84A2-0A1DAAA12A5D}"
EndProject
Project("{9A19103F-16F7-4668-BE54-9A1E7A4F7556}") = "remote_lat", "Performance\remote_lat\remote_lat.csproj", "{A327FCB4-C493-40C8-A2EB-449C94F8DF93}"
EndProject
Project("{9A19103F-16F7-4668-BE54-9A1E7A4F7556}") = "remote_thr", "Performance\remote_thr\remote_thr.csproj", "{FD2FA7E4-B471-4012-B35A-9A1DFE328AAE}"
EndProject
Global
	GlobalSection(SolutionConfigurationPlatforms) = preSolution
		Debug|Any CPU = Debug|Any CPU
		Release|Any CPU = Release|Any CPU
	EndGlobalSection
	GlobalSection(ProjectConfigurationPlatforms) = postSolution
		{7BC2B082-F646-479A-A5D0-65E0D008ADC6}.Debug|Any CPU.ActiveCfg = Debug|Any CPU
		{7BC2B082-F646-479A-A5D0-65E0D008ADC6}.Debug|Any CPU.Build.0 = Debug|Any CPU
		{7BC2B082-F646-479A-A5D0-65E0D008ADC6}.Release|Any CPU.ActiveCfg = Release|Any CPU
		{7BC2B082-F646-479A-A5D0-65E0D008ADC6}.Release|Any CPU.Build.0 = Release|Any CPU
		{629905AB-1A9C-4782-8DE8-6CDE14BA5BC9}.Debug|Any CPU.ActiveCfg = Debug|Any CPU
		{629905AB-1A9C-4782-8DE8-6CDE14BA5BC9}.Debug|Any CPU.Build.0 = Debug|Any CPU
		{629905AB-1A9C-4782-8DE8-6CDE14BA5BC9}.Release|Any CPU.ActiveCfg = Release|Any CPU
		{629905AB-1A9C-4782-8DE8-6CDE14BA5BC9}.Release|Any CPU.Build.0 = Release|Any CPU
		{AE7D7842-0A51-4CA4-B5FB-2E08EAF0D3C5}.Debug|Any CPU.ActiveCfg = Debug|Any CPU
		{AE7D7842-0A51-4CA4-B5FB-2E08EAF0D3C5}.Debug|Any CPU.Build.0 = Debug|Any CPU
		{AE7D7842-0A51-4CA4-B5FB-2E08EAF0D3C5}.Release|Any CPU.ActiveCfg = Release|Any CPU
		{AE7D7842-0A51-4CA4-B5FB-2E08EAF0D3C5}.Release|Any CPU.Build.0 = Release|Any CPU
		{51E2076B-8043-4B11-AE20-3452EB9E73B1}.Debug|Any CPU.ActiveCfg = Debug|Any CPU
		{51E2076B-8043-4B11-AE20-3452EB9E73B1}.Debug|Any CPU.Build.0 = Debug|Any CPU
		{51E2076B-8043-4B11-AE20-3452EB9E73B1}.Release|Any CPU.ActiveCfg = Release|Any CPU
		{51E2076B-8043-4B11-AE20-3452EB9E73B1}.Release|Any CPU.Build.0 = Release|Any CPU
		{4E08DDC2-E901-4FFC-84A2-0A1DAAA12A5D}.Debug|Any CPU.ActiveCfg = Debug|Any CPU
		{4E08DDC2-E901-4FFC-84A2-0A1DAAA12A5D}.Debug|Any CPU.Build.0 = Debug|Any CPU
		{4E08DDC2-E901-4FFC-84A2-0A1DAAA12A5D}.Release|Any CPU.ActiveCfg = Release|Any CPU
		{4E08DDC2-E901-4FFC-84A2-0A1DAAA12A5D}.Release|Any CPU.Build.0 = Release|Any CPU
		{A327FCB4-C493-40C8-A2EB-449C94F8DF93}.Debug|Any CPU.ActiveCfg = Debug|Any CPU
		{A327FCB4-C493-40C8-A2EB-449C94F8DF93}.Debug|Any CPU.Build.0 = Debug|Any CPU
		{A327FCB4-C493-40C8-A2EB-449C94F8DF93}.Release|Any CPU.ActiveCfg = Release|Any CPU
		{A327FCB4-C493-40C8-A2EB-449C94F8DF93}.Release|Any CPU.Build.0 = Release|Any CPU
		{FD2FA7E4-B471-4012-B35A-9A1DFE328AAE}.Debug|Any CPU.ActiveCfg = Debug|Any CPU
		{FD2FA7E4-B471-4012-B35A-9A1DFE328AAE}.Debug|Any CPU.Build.0 = Debug|Any CPU
		{FD2FA7E4-B471-4012-B35A-9A1DFE328AAE}.Release|Any CPU.ActiveCfg = Release|Any CPU
		{FD2FA7E4-B471-4012-B35A-9A1DFE328AAE}.Release|Any CPU.Build.0 = Release|Any CPU
	EndGlobalSection
	GlobalSection(SolutionProperties) = preSolution
		HideSolutionNode = FALSE
	EndGlobalSection
	GlobalSection(NestedProjects) = preSolution
		{AE7D7842-0A51-4CA4-B5FB-2E08EAF0D3C5} = {A9AB58C9-B9B1-4803-B01A-54370EFE3B08}
		{51E2076B-8043-4B11-AE20-3452EB9E73B1} = {A9AB58C9-B9B1-4803-B01A-54370EFE3B08}
		{4E08DDC2-E901-4FFC-84A2-0A1DAAA12A5D} = {A9AB58C9-B9B1-4803-B01A-54370EFE3B08}
		{A327FCB4-C493-40C8-A2EB-449C94F8DF93} = {A9AB58C9-B9B1-4803-B01A-54370EFE3B08}
		{FD2FA7E4-B471-4012-B35A-9A1DFE328AAE} = {A9AB58C9-B9B1-4803-B01A-54370EFE3B08}
	EndGlobalSection
	GlobalSection(ExtensibilityGlobals) = postSolution
		SolutionGuid = {0503333B-A1F0-4BD9-A2B0-712DFB0450E3}
	EndGlobalSection
EndGlobal
